// !$*UTF8*$!
{
	archiveVersion = 1;
	classes = {
	};
	objectVersion = 46;
	objects = {

/* Begin PBXBuildFile section */
		6C46F63A1A7CD3F600CE7DEA /* PlayingCard.m in Sources */ = {isa = PBXBuildFile; fileRef = 6C46F6391A7CD3F600CE7DEA /* PlayingCard.m */; };
		6C46F63D1A7CD9FB00CE7DEA /* PlayingCardDeck.m in Sources */ = {isa = PBXBuildFile; fileRef = 6C46F63C1A7CD9FB00CE7DEA /* PlayingCardDeck.m */; };
		6C46F6401A7CE34100CE7DEA /* CardMatchingGame.m in Sources */ = {isa = PBXBuildFile; fileRef = 6C46F63F1A7CE34100CE7DEA /* CardMatchingGame.m */; };
		6C4E80801A7C83AB003372E6 /* main.m in Sources */ = {isa = PBXBuildFile; fileRef = 6C4E807F1A7C83AB003372E6 /* main.m */; };
		6C4E80831A7C83AB003372E6 /* AppDelegate.m in Sources */ = {isa = PBXBuildFile; fileRef = 6C4E80821A7C83AB003372E6 /* AppDelegate.m */; };
		6C4E80861A7C83AB003372E6 /* ViewController.m in Sources */ = {isa = PBXBuildFile; fileRef = 6C4E80851A7C83AB003372E6 /* ViewController.m */; };
		6C4E80891A7C83AB003372E6 /* Main.storyboard in Resources */ = {isa = PBXBuildFile; fileRef = 6C4E80871A7C83AB003372E6 /* Main.storyboard */; };
		6C4E808B1A7C83AB003372E6 /* Images.xcassets in Resources */ = {isa = PBXBuildFile; fileRef = 6C4E808A1A7C83AB003372E6 /* Images.xcassets */; };
		6C4E808E1A7C83AB003372E6 /* LaunchScreen.xib in Resources */ = {isa = PBXBuildFile; fileRef = 6C4E808C1A7C83AB003372E6 /* LaunchScreen.xib */; };
		6C4E809A1A7C83AB003372E6 /* MatchismoTests.m in Sources */ = {isa = PBXBuildFile; fileRef = 6C4E80991A7C83AB003372E6 /* MatchismoTests.m */; };
		6C4E80A51A7C97E5003372E6 /* Card.m in Sources */ = {isa = PBXBuildFile; fileRef = 6C4E80A41A7C97E5003372E6 /* Card.m */; };
		6C4E80AC1A7C9E6C003372E6 /* Deck.m in Sources */ = {isa = PBXBuildFile; fileRef = 6C4E80AB1A7C9E6C003372E6 /* Deck.m */; };
/* End PBXBuildFile section */

/* Begin PBXContainerItemProxy section */
		6C4E80941A7C83AB003372E6 /* PBXContainerItemProxy */ = {
			isa = PBXContainerItemProxy;
			containerPortal = 6C4E80721A7C83AB003372E6 /* Project object */;
			proxyType = 1;
			remoteGlobalIDString = 6C4E80791A7C83AB003372E6;
			remoteInfo = Matchismo;
		};
/* End PBXContainerItemProxy section */

/* Begin PBXFileReference section */
		6C46F6381A7CD3F600CE7DEA /* PlayingCard.h */ = {isa = PBXFileReference; fileEncoding = 4; lastKnownFileType = sourcecode.c.h; name = PlayingCard.h; path = Model/PlayingCard.h; sourceTree = "<group>"; };
		6C46F6391A7CD3F600CE7DEA /* PlayingCard.m */ = {isa = PBXFileReference; fileEncoding = 4; lastKnownFileType = sourcecode.c.objc; name = PlayingCard.m; path = Model/PlayingCard.m; sourceTree = "<group>"; };
		6C46F63B1A7CD9FB00CE7DEA /* PlayingCardDeck.h */ = {isa = PBXFileReference; fileEncoding = 4; lastKnownFileType = sourcecode.c.h; name = PlayingCardDeck.h; path = Model/PlayingCardDeck.h; sourceTree = "<group>"; };
		6C46F63C1A7CD9FB00CE7DEA /* PlayingCardDeck.m */ = {isa = PBXFileReference; fileEncoding = 4; lastKnownFileType = sourcecode.c.objc; name = PlayingCardDeck.m; path = Model/PlayingCardDeck.m; sourceTree = "<group>"; };
		6C46F63E1A7CE34100CE7DEA /* CardMatchingGame.h */ = {isa = PBXFileReference; fileEncoding = 4; lastKnownFileType = sourcecode.c.h; name = CardMatchingGame.h; path = Model/CardMatchingGame.h; sourceTree = "<group>"; };
		6C46F63F1A7CE34100CE7DEA /* CardMatchingGame.m */ = {isa = PBXFileReference; fileEncoding = 4; lastKnownFileType = sourcecode.c.objc; name = CardMatchingGame.m; path = Model/CardMatchingGame.m; sourceTree = "<group>"; };
		6C4E807A1A7C83AB003372E6 /* Matchismo.app */ = {isa = PBXFileReference; explicitFileType = wrapper.application; includeInIndex = 0; path = Matchismo.app; sourceTree = BUILT_PRODUCTS_DIR; };
		6C4E807E1A7C83AB003372E6 /* Info.plist */ = {isa = PBXFileReference; lastKnownFileType = text.plist.xml; path = Info.plist; sourceTree = "<group>"; };
		6C4E807F1A7C83AB003372E6 /* main.m */ = {isa = PBXFileReference; lastKnownFileType = sourcecode.c.objc; path = main.m; sourceTree = "<group>"; };
		6C4E80811A7C83AB003372E6 /* AppDelegate.h */ = {isa = PBXFileReference; lastKnownFileType = sourcecode.c.h; path = AppDelegate.h; sourceTree = "<group>"; };
		6C4E80821A7C83AB003372E6 /* AppDelegate.m */ = {isa = PBXFileReference; lastKnownFileType = sourcecode.c.objc; path = AppDelegate.m; sourceTree = "<group>"; };
		6C4E80841A7C83AB003372E6 /* ViewController.h */ = {isa = PBXFileReference; lastKnownFileType = sourcecode.c.h; path = ViewController.h; sourceTree = "<group>"; };
		6C4E80851A7C83AB003372E6 /* ViewController.m */ = {isa = PBXFileReference; lastKnownFileType = sourcecode.c.objc; path = ViewController.m; sourceTree = "<group>"; };
		6C4E80881A7C83AB003372E6 /* Base */ = {isa = PBXFileReference; lastKnownFileType = file.storyboard; name = Base; path = Base.lproj/Main.storyboard; sourceTree = "<group>"; };
		6C4E808A1A7C83AB003372E6 /* Images.xcassets */ = {isa = PBXFileReference; lastKnownFileType = folder.assetcatalog; path = Images.xcassets; sourceTree = "<group>"; };
		6C4E808D1A7C83AB003372E6 /* Base */ = {isa = PBXFileReference; lastKnownFileType = file.xib; name = Base; path = Base.lproj/LaunchScreen.xib; sourceTree = "<group>"; };
		6C4E80931A7C83AB003372E6 /* MatchismoTests.xctest */ = {isa = PBXFileReference; explicitFileType = wrapper.cfbundle; includeInIndex = 0; path = MatchismoTests.xctest; sourceTree = BUILT_PRODUCTS_DIR; };
		6C4E80981A7C83AB003372E6 /* Info.plist */ = {isa = PBXFileReference; lastKnownFileType = text.plist.xml; path = Info.plist; sourceTree = "<group>"; };
		6C4E80991A7C83AB003372E6 /* MatchismoTests.m */ = {isa = PBXFileReference; lastKnownFileType = sourcecode.c.objc; path = MatchismoTests.m; sourceTree = "<group>"; };
		6C4E80A31A7C97E5003372E6 /* Card.h */ = {isa = PBXFileReference; fileEncoding = 4; lastKnownFileType = sourcecode.c.h; name = Card.h; path = Model/Card.h; sourceTree = "<group>"; };
		6C4E80A41A7C97E5003372E6 /* Card.m */ = {isa = PBXFileReference; fileEncoding = 4; lastKnownFileType = sourcecode.c.objc; name = Card.m; path = Model/Card.m; sourceTree = "<group>"; };
		6C4E80AA1A7C9E6C003372E6 /* Deck.h */ = {isa = PBXFileReference; fileEncoding = 4; lastKnownFileType = sourcecode.c.h; name = Deck.h; path = Model/Deck.h; sourceTree = "<group>"; };
		6C4E80AB1A7C9E6C003372E6 /* Deck.m */ = {isa = PBXFileReference; fileEncoding = 4; lastKnownFileType = sourcecode.c.objc; name = Deck.m; path = Model/Deck.m; sourceTree = "<group>"; };
/* End PBXFileReference section */

/* Begin PBXFrameworksBuildPhase section */
		6C4E80771A7C83AB003372E6 /* Frameworks */ = {
			isa = PBXFrameworksBuildPhase;
			buildActionMask = 2147483647;
			files = (
			);
			runOnlyForDeploymentPostprocessing = 0;
		};
		6C4E80901A7C83AB003372E6 /* Frameworks */ = {
			isa = PBXFrameworksBuildPhase;
			buildActionMask = 2147483647;
			files = (
			);
			runOnlyForDeploymentPostprocessing = 0;
		};
/* End PBXFrameworksBuildPhase section */

/* Begin PBXGroup section */
		6C4E80711A7C83AB003372E6 = {
			isa = PBXGroup;
			children = (
				6C4E807C1A7C83AB003372E6 /* Matchismo */,
				6C4E80961A7C83AB003372E6 /* MatchismoTests */,
				6C4E807B1A7C83AB003372E6 /* Products */,
			);
			sourceTree = "<group>";
		};
		6C4E807B1A7C83AB003372E6 /* Products */ = {
			isa = PBXGroup;
			children = (
				6C4E807A1A7C83AB003372E6 /* Matchismo.app */,
				6C4E80931A7C83AB003372E6 /* MatchismoTests.xctest */,
			);
			name = Products;
			sourceTree = "<group>";
		};
		6C4E807C1A7C83AB003372E6 /* Matchismo */ = {
			isa = PBXGroup;
			children = (
				6C4E80811A7C83AB003372E6 /* AppDelegate.h */,
				6C4E80821A7C83AB003372E6 /* AppDelegate.m */,
				6C4E80A61A7C97F5003372E6 /* Model */,
				6C4E80841A7C83AB003372E6 /* ViewController.h */,
				6C4E80851A7C83AB003372E6 /* ViewController.m */,
				6C4E80871A7C83AB003372E6 /* Main.storyboard */,
				6C4E808A1A7C83AB003372E6 /* Images.xcassets */,
				6C4E808C1A7C83AB003372E6 /* LaunchScreen.xib */,
				6C4E807D1A7C83AB003372E6 /* Supporting Files */,
			);
			path = Matchismo;
			sourceTree = "<group>";
		};
		6C4E807D1A7C83AB003372E6 /* Supporting Files */ = {
			isa = PBXGroup;
			children = (
				6C4E807E1A7C83AB003372E6 /* Info.plist */,
				6C4E807F1A7C83AB003372E6 /* main.m */,
			);
			name = "Supporting Files";
			sourceTree = "<group>";
		};
		6C4E80961A7C83AB003372E6 /* MatchismoTests */ = {
			isa = PBXGroup;
			children = (
				6C4E80991A7C83AB003372E6 /* MatchismoTests.m */,
				6C4E80971A7C83AB003372E6 /* Supporting Files */,
			);
			path = MatchismoTests;
			sourceTree = "<group>";
		};
		6C4E80971A7C83AB003372E6 /* Supporting Files */ = {
			isa = PBXGroup;
			children = (
				6C4E80981A7C83AB003372E6 /* Info.plist */,
			);
			name = "Supporting Files";
			sourceTree = "<group>";
		};
		6C4E80A61A7C97F5003372E6 /* Model */ = {
			isa = PBXGroup;
			children = (
				6C4E80A31A7C97E5003372E6 /* Card.h */,
				6C4E80A41A7C97E5003372E6 /* Card.m */,
				6C4E80AA1A7C9E6C003372E6 /* Deck.h */,
				6C4E80AB1A7C9E6C003372E6 /* Deck.m */,
				6C46F6381A7CD3F600CE7DEA /* PlayingCard.h */,
				6C46F6391A7CD3F600CE7DEA /* PlayingCard.m */,
				6C46F63B1A7CD9FB00CE7DEA /* PlayingCardDeck.h */,
				6C46F63C1A7CD9FB00CE7DEA /* PlayingCardDeck.m */,
				6C46F63E1A7CE34100CE7DEA /* CardMatchingGame.h */,
				6C46F63F1A7CE34100CE7DEA /* CardMatchingGame.m */,
			);
			name = Model;
			sourceTree = "<group>";
		};
/* End PBXGroup section */

/* Begin PBXNativeTarget section */
		6C4E80791A7C83AB003372E6 /* Matchismo */ = {
			isa = PBXNativeTarget;
			buildConfigurationList = 6C4E809D1A7C83AB003372E6 /* Build configuration list for PBXNativeTarget "Matchismo" */;
			buildPhases = (
				6C4E80761A7C83AB003372E6 /* Sources */,
				6C4E80771A7C83AB003372E6 /* Frameworks */,
				6C4E80781A7C83AB003372E6 /* Resources */,
			);
			buildRules = (
			);
			dependencies = (
			);
			name = Matchismo;
			productName = Matchismo;
			productReference = 6C4E807A1A7C83AB003372E6 /* Matchismo.app */;
			productType = "com.apple.product-type.application";
		};
		6C4E80921A7C83AB003372E6 /* MatchismoTests */ = {
			isa = PBXNativeTarget;
			buildConfigurationList = 6C4E80A01A7C83AB003372E6 /* Build configuration list for PBXNativeTarget "MatchismoTests" */;
			buildPhases = (
				6C4E808F1A7C83AB003372E6 /* Sources */,
				6C4E80901A7C83AB003372E6 /* Frameworks */,
				6C4E80911A7C83AB003372E6 /* Resources */,
			);
			buildRules = (
			);
			dependencies = (
				6C4E80951A7C83AB003372E6 /* PBXTargetDependency */,
			);
			name = MatchismoTests;
			productName = MatchismoTests;
			productReference = 6C4E80931A7C83AB003372E6 /* MatchismoTests.xctest */;
			productType = "com.apple.product-type.bundle.unit-test";
		};
/* End PBXNativeTarget section */

/* Begin PBXProject section */
		6C4E80721A7C83AB003372E6 /* Project object */ = {
			isa = PBXProject;
			attributes = {
				LastUpgradeCheck = 0610;
				ORGANIZATIONNAME = nivansys;
				TargetAttributes = {
					6C4E80791A7C83AB003372E6 = {
						CreatedOnToolsVersion = 6.1.1;
					};
					6C4E80921A7C83AB003372E6 = {
						CreatedOnToolsVersion = 6.1.1;
						TestTargetID = 6C4E80791A7C83AB003372E6;
					};
				};
			};
			buildConfigurationList = 6C4E80751A7C83AB003372E6 /* Build configuration list for PBXProject "Matchismo" */;
			compatibilityVersion = "Xcode 3.2";
			developmentRegion = English;
			hasScannedForEncodings = 0;
			knownRegions = (
				en,
				Base,
			);
			mainGroup = 6C4E80711A7C83AB003372E6;
			productRefGroup = 6C4E807B1A7C83AB003372E6 /* Products */;
			projectDirPath = "";
			projectRoot = "";
			targets = (
				6C4E80791A7C83AB003372E6 /* Matchismo */,
				6C4E80921A7C83AB003372E6 /* MatchismoTests */,
			);
		};
/* End PBXProject section */

/* Begin PBXResourcesBuildPhase section */
		6C4E80781A7C83AB003372E6 /* Resources */ = {
			isa = PBXResourcesBuildPhase;
			buildActionMask = 2147483647;
			files = (
				6C4E80891A7C83AB003372E6 /* Main.storyboard in Resources */,
				6C4E808E1A7C83AB003372E6 /* LaunchScreen.xib in Resources */,
				6C4E808B1A7C83AB003372E6 /* Images.xcassets in Resources */,
			);
			runOnlyForDeploymentPostprocessing = 0;
		};
		6C4E80911A7C83AB003372E6 /* Resources */ = {
			isa = PBXResourcesBuildPhase;
			buildActionMask = 2147483647;
			files = (
			);
			runOnlyForDeploymentPostprocessing = 0;
		};
/* End PBXResourcesBuildPhase section */

/* Begin PBXSourcesBuildPhase section */
		6C4E80761A7C83AB003372E6 /* Sources */ = {
			isa = PBXSourcesBuildPhase;
			buildActionMask = 2147483647;
			files = (
				6C46F63A1A7CD3F600CE7DEA /* PlayingCard.m in Sources */,
				6C4E80861A7C83AB003372E6 /* ViewController.m in Sources */,
				6C4E80831A7C83AB003372E6 /* AppDelegate.m in Sources */,
				6C4E80801A7C83AB003372E6 /* main.m in Sources */,
				6C46F6401A7CE34100CE7DEA /* CardMatchingGame.m in Sources */,
				6C46F63D1A7CD9FB00CE7DEA /* PlayingCardDeck.m in Sources */,
				6C4E80AC1A7C9E6C003372E6 /* Deck.m in Sources */,
				6C4E80A51A7C97E5003372E6 /* Card.m in Sources */,
			);
			runOnlyForDeploymentPostprocessing = 0;
		};
		6C4E808F1A7C83AB003372E6 /* Sources */ = {
			isa = PBXSourcesBuildPhase;
			buildActionMask = 2147483647;
			files = (
				6C4E809A1A7C83AB003372E6 /* MatchismoTests.m in Sources */,
			);
			runOnlyForDeploymentPostprocessing = 0;
		};
/* End PBXSourcesBuildPhase section */

/* Begin PBXTargetDependency section */
		6C4E80951A7C83AB003372E6 /* PBXTargetDependency */ = {
			isa = PBXTargetDependency;
			target = 6C4E80791A7C83AB003372E6 /* Matchismo */;
			targetProxy = 6C4E80941A7C83AB003372E6 /* PBXContainerItemProxy */;
		};
/* End PBXTargetDependency section */

/* Begin PBXVariantGroup section */
		6C4E80871A7C83AB003372E6 /* Main.storyboard */ = {
			isa = PBXVariantGroup;
			children = (
				6C4E80881A7C83AB003372E6 /* Base */,
			);
			name = Main.storyboard;
			sourceTree = "<group>";
		};
		6C4E808C1A7C83AB003372E6 /* LaunchScreen.xib */ = {
			isa = PBXVariantGroup;
			children = (
				6C4E808D1A7C83AB003372E6 /* Base */,
			);
			name = LaunchScreen.xib;
			sourceTree = "<group>";
		};
/* End PBXVariantGroup section */

/* Begin XCBuildConfiguration section */
		6C4E809B1A7C83AB003372E6 /* Debug */ = {
			isa = XCBuildConfiguration;
			buildSettings = {
				ALWAYS_SEARCH_USER_PATHS = NO;
				CLANG_CXX_LANGUAGE_STANDARD = "gnu++0x";
				CLANG_CXX_LIBRARY = "libc++";
				CLANG_ENABLE_MODULES = YES;
				CLANG_ENABLE_OBJC_ARC = YES;
				CLANG_WARN_BOOL_CONVERSION = YES;
				CLANG_WARN_CONSTANT_CONVERSION = YES;
				CLANG_WARN_DIRECT_OBJC_ISA_USAGE = YES_ERROR;
				CLANG_WARN_EMPTY_BODY = YES;
				CLANG_WARN_ENUM_CONVERSION = YES;
				CLANG_WARN_INT_CONVERSION = YES;
				CLANG_WARN_OBJC_ROOT_CLASS = YES_ERROR;
				CLANG_WARN_UNREACHABLE_CODE = YES;
				CLANG_WARN__DUPLICATE_METHOD_MATCH = YES;
				"CODE_SIGN_IDENTITY[sdk=iphoneos*]" = "iPhone Developer";
				COPY_PHASE_STRIP = NO;
				ENABLE_STRICT_OBJC_MSGSEND = YES;
				GCC_C_LANGUAGE_STANDARD = gnu99;
				GCC_DYNAMIC_NO_PIC = NO;
				GCC_OPTIMIZATION_LEVEL = 0;
				GCC_PREPROCESSOR_DEFINITIONS = (
					"DEBUG=1",
					"$(inherited)",
				);
				GCC_SYMBOLS_PRIVATE_EXTERN = NO;
				GCC_WARN_64_TO_32_BIT_CONVERSION = YES;
				GCC_WARN_ABOUT_RETURN_TYPE = YES_ERROR;
				GCC_WARN_UNDECLARED_SELECTOR = YES;
				GCC_WARN_UNINITIALIZED_AUTOS = YES_AGGRESSIVE;
				GCC_WARN_UNUSED_FUNCTION = YES;
				GCC_WARN_UNUSED_VARIABLE = YES;
				IPHONEOS_DEPLOYMENT_TARGET = 8.1;
				MTL_ENABLE_DEBUG_INFO = YES;
				ONLY_ACTIVE_ARCH = YES;
				SDKROOT = iphoneos;
			};
			name = Debug;
		};
		6C4E809C1A7C83AB003372E6 /* Release */ = {
			isa = XCBuildConfiguration;
			buildSettings = {
				ALWAYS_SEARCH_USER_PATHS = NO;
				CLANG_CXX_LANGUAGE_STANDARD = "gnu++0x";
				CLANG_CXX_LIBRARY = "libc++";
				CLANG_ENABLE_MODULES = YES;
				CLANG_ENABLE_OBJC_ARC = YES;
				CLANG_WARN_BOOL_CONVERSION = YES;
				CLANG_WARN_CONSTANT_CONVERSION = YES;
				CLANG_WARN_DIRECT_OBJC_ISA_USAGE = YES_ERROR;
				CLANG_WARN_EMPTY_BODY = YES;
				CLANG_WARN_ENUM_CONVERSION = YES;
				CLANG_WARN_INT_CONVERSION = YES;
				CLANG_WARN_OBJC_ROOT_CLASS = YES_ERROR;
				CLANG_WARN_UNREACHABLE_CODE = YES;
				CLANG_WARN__DUPLICATE_METHOD_MATCH = YES;
				"CODE_SIGN_IDENTITY[sdk=iphoneos*]" = "iPhone Developer";
				COPY_PHASE_STRIP = YES;
				ENABLE_NS_ASSERTIONS = NO;
				ENABLE_STRICT_OBJC_MSGSEND = YES;
				GCC_C_LANGUAGE_STANDARD = gnu99;
				GCC_WARN_64_TO_32_BIT_CONVERSION = YES;
				GCC_WARN_ABOUT_RETURN_TYPE = YES_ERROR;
				GCC_WARN_UNDECLARED_SELECTOR = YES;
				GCC_WARN_UNINITIALIZED_AUTOS = YES_AGGRESSIVE;
				GCC_WARN_UNUSED_FUNCTION = YES;
				GCC_WARN_UNUSED_VARIABLE = YES;
				IPHONEOS_DEPLOYMENT_TARGET = 8.1;
				MTL_ENABLE_DEBUG_INFO = NO;
				SDKROOT = iphoneos;
				VALIDATE_PRODUCT = YES;
			};
			name = Release;
		};
		6C4E809E1A7C83AB003372E6 /* Debug */ = {
			isa = XCBuildConfiguration;
			buildSettings = {
				ASSETCATALOG_COMPILER_APPICON_NAME = AppIcon;
				INFOPLIST_FILE = Matchismo/Info.plist;
				LD_RUNPATH_SEARCH_PATHS = "$(inherited) @executable_path/Frameworks";
				PRODUCT_NAME = "$(TARGET_NAME)";
			};
			name = Debug;
		};
		6C4E809F1A7C83AB003372E6 /* Release */ = {
			isa = XCBuildConfiguration;
			buildSettings = {
				ASSETCATALOG_COMPILER_APPICON_NAME = AppIcon;
				INFOPLIST_FILE = Matchismo/Info.plist;
				LD_RUNPATH_SEARCH_PATHS = "$(inherited) @executable_path/Frameworks";
				PRODUCT_NAME = "$(TARGET_NAME)";
			};
			name = Release;
		};
		6C4E80A11A7C83AB003372E6 /* Debug */ = {
			isa = XCBuildConfiguration;
			buildSettings = {
				BUNDLE_LOADER = "$(TEST_HOST)";
				FRAMEWORK_SEARCH_PATHS = (
					"$(SDKROOT)/Developer/Library/Frameworks",
					"$(inherited)",
				);
				GCC_PREPROCESSOR_DEFINITIONS = (
					"DEBUG=1",
					"$(inherited)",
				);
				INFOPLIST_FILE = MatchismoTests/Info.plist;
				LD_RUNPATH_SEARCH_PATHS = "$(inherited) @executable_path/Frameworks @loader_path/Frameworks";
				PRODUCT_NAME = "$(TARGET_NAME)";
				TEST_HOST = "$(BUILT_PRODUCTS_DIR)/Matchismo.app/Matchismo";
			};
			name = Debug;
		};
		6C4E80A21A7C83AB003372E6 /* Release */ = {
			isa = XCBuildConfiguration;
			buildSettings = {
				BUNDLE_LOADER = "$(TEST_HOST)";
				FRAMEWORK_SEARCH_PATHS = (
					"$(SDKROOT)/Developer/Library/Frameworks",
					"$(inherited)",
				);
				INFOPLIST_FILE = MatchismoTests/Info.plist;
				LD_RUNPATH_SEARCH_PATHS = "$(inherited) @executable_path/Frameworks @loader_path/Frameworks";
				PRODUCT_NAME = "$(TARGET_NAME)";
				TEST_HOST = "$(BUILT_PRODUCTS_DIR)/Matchismo.app/Matchismo";
			};
			name = Release;
		};
/* End XCBuildConfiguration section */

/* Begin XCConfigurationList section */
		6C4E80751A7C83AB003372E6 /* Build configuration list for PBXProject "Matchismo" */ = {
			isa = XCConfigurationList;
			buildConfigurations = (
				6C4E809B1A7C83AB003372E6 /* Debug */,
				6C4E809C1A7C83AB003372E6 /* Release */,
			);
			defaultConfigurationIsVisible = 0;
			defaultConfigurationName = Release;
		};
		6C4E809D1A7C83AB003372E6 /* Build configuration list for PBXNativeTarget "Matchismo" */ = {
			isa = XCConfigurationList;
			buildConfigurations = (
				6C4E809E1A7C83AB003372E6 /* Debug */,
				6C4E809F1A7C83AB003372E6 /* Release */,
			);
			defaultConfigurationIsVisible = 0;
			defaultConfigurationName = Release;
		};
		6C4E80A01A7C83AB003372E6 /* Build configuration list for PBXNativeTarget "MatchismoTests" */ = {
			isa = XCConfigurationList;
			buildConfigurations = (
				6C4E80A11A7C83AB003372E6 /* Debug */,
				6C4E80A21A7C83AB003372E6 /* Release */,
			);
			defaultConfigurationIsVisible = 0;
			defaultConfigurationName = Release;
		};
/* End XCConfigurationList section */
	};
	rootObject = 6C4E80721A7C83AB003372E6 /* Project object */;
}
